{
  "name": "styled-type",
  "version": "0.2.1",
  "lockfileVersion": 1,
  "requires": true,
  "dependencies": {
    "@styled-system/background": {
      "version": "5.0.16",
      "resolved": "https://registry.npmjs.org/@styled-system/background/-/background-5.0.16.tgz",
      "integrity": "sha512-pAvvHXkxg/T0MfwFWwGff4vd9Qg5osldasmKgJbvAqVkcIY/yq2p0nzs2hRbCzsmqhQOj8lK+Cqh2V9+71X+WQ==",
      "requires": {
        "@styled-system/core": "^5.0.16"
      }
    },
    "@styled-system/border": {
      "version": "5.0.16",
      "resolved": "https://registry.npmjs.org/@styled-system/border/-/border-5.0.16.tgz",
      "integrity": "sha512-kgHSuy62r0mWs90TlKZe0L9W4PFMvJHJKJzR7bd/ep8kauTJIxYjLgBKvhgrmDHcIljrYI6vpZ46X3Ryqp5pHg==",
      "requires": {
        "@styled-system/core": "^5.0.16"
      }
    },
    "@styled-system/color": {
      "version": "5.0.16",
      "resolved": "https://registry.npmjs.org/@styled-system/color/-/color-5.0.16.tgz",
      "integrity": "sha512-nd60ufkcF4uLZnR+Bf7psTV1cvZ+/TVw13QbWY0YJh+bg2xs9OTB4THWf+9NSdH6HydGbyGXOVWAbFyK+amOEA==",
      "requires": {
        "@styled-system/core": "^5.0.16"
      }
    },
    "@styled-system/core": {
      "version": "5.0.16",
      "resolved": "https://registry.npmjs.org/@styled-system/core/-/core-5.0.16.tgz",
      "integrity": "sha512-xvgO6C7zjtMwQ5K7Aihs3tzCxbauvtrKuopw+J5p0fJ9nb3maLvCRLSFjcMrIyQDHBt66O4PbN7pSSz54vPldw==",
      "requires": {
        "object-assign": "^4.1.1"
      }
    },
    "@styled-system/flexbox": {
      "version": "5.0.16",
      "resolved": "https://registry.npmjs.org/@styled-system/flexbox/-/flexbox-5.0.16.tgz",
      "integrity": "sha512-yRgcTmPYYeGc9R4nUj7vFPubveWmAV0BmHGYj1ZjXQFnSPRTJQ3VGaqTTCYCEcScfJESIIssDtnQxLKV6V8LRQ==",
      "requires": {
        "@styled-system/core": "^5.0.16"
      }
    },
    "@styled-system/grid": {
      "version": "5.0.16",
      "resolved": "https://registry.npmjs.org/@styled-system/grid/-/grid-5.0.16.tgz",
      "integrity": "sha512-04lIfiLYoGy+n1/mYopio/1gNYmXG28thBwTcHy9tD3D4pQXkaLdzLof/9zeFzkt9l7tBh2C1yuKWeGN35oTpA==",
      "requires": {
        "@styled-system/core": "^5.0.16"
      }
    },
    "@styled-system/layout": {
      "version": "5.0.16",
      "resolved": "https://registry.npmjs.org/@styled-system/layout/-/layout-5.0.16.tgz",
      "integrity": "sha512-DfUTVZEHZxwBCK+CFbrwW7JD7Sm2bPznLGDwQz8xJzkYdw41UPw5YRsI88hWrB6VEU5ZU7cr7ixqaiJGsSQ9VA==",
      "requires": {
        "@styled-system/core": "^5.0.16"
      }
    },
    "@styled-system/position": {
      "version": "5.0.16",
      "resolved": "https://registry.npmjs.org/@styled-system/position/-/position-5.0.16.tgz",
      "integrity": "sha512-8n4JpmGiWTfWtsKmyb3ZEqtiAyp/PCDVCtpl7ziQP5y3HR2qnfMrFeI1rSUM1Er4O4bBoyJ3w3BTPr31viJ22Q==",
      "requires": {
        "@styled-system/core": "^5.0.16"
      }
    },
    "@styled-system/shadow": {
      "version": "5.0.16",
      "resolved": "https://registry.npmjs.org/@styled-system/shadow/-/shadow-5.0.16.tgz",
      "integrity": "sha512-erSiv+Cwa0sCVg3JMdHnBmwILMD4ewI45Ev3Zgji+dj7aeikp+flllQbbKI9iWkaYYFeK9xZvj4UKqACdYLfuQ==",
      "requires": {
        "@styled-system/core": "^5.0.16"
      }
    },
    "@styled-system/space": {
      "version": "5.0.16",
      "resolved": "https://registry.npmjs.org/@styled-system/space/-/space-5.0.16.tgz",
      "integrity": "sha512-gxvtO7GNbLAx6tHyvytjeTMl27cfmcP+jzqZznFjkL5rWIoYb+ydVq7i9eu+cPE5pkNf2WyUgNyzNecJKvr4pw==",
      "requires": {
        "@styled-system/core": "^5.0.16"
      }
    },
    "@styled-system/typography": {
      "version": "5.0.16",
      "resolved": "https://registry.npmjs.org/@styled-system/typography/-/typography-5.0.16.tgz",
      "integrity": "sha512-qEmXg+NSXio8Gs6R1ctJKsFLV5ClxPHB8d2+MYPLsUhKBuAbexwybOsq5Hl4HS+dTEED58FnGsfE3kdvDqib4g==",
      "requires": {
        "@styled-system/core": "^5.0.16"
      }
    },
    "@styled-system/variant": {
      "version": "5.0.16",
      "resolved": "https://registry.npmjs.org/@styled-system/variant/-/variant-5.0.16.tgz",
      "integrity": "sha512-3pGsubgY9vsGjwNIwCcsjRA9U6Ota1Aie514McWjMngCYTZHS8oZSOJIb+crxJwYUXyOz7CNUQ+dD0jntKhl/w==",
      "requires": {
        "@styled-system/core": "^5.0.16"
      }
    },
    "@types/prop-types": {
      "version": "15.7.1",
      "resolved": "https://registry.npmjs.org/@types/prop-types/-/prop-types-15.7.1.tgz",
      "integrity": "sha512-CFzn9idOEpHrgdw8JsoTkaDDyRWk1jrzIV8djzcgpq0y9tG4B4lFT+Nxh52DVpDXV+n4+NPNv7M1Dj5uMp6XFg==",
      "dev": true
    },
    "@types/react": {
      "version": "16.8.23",
      "resolved": "https://registry.npmjs.org/@types/react/-/react-16.8.23.tgz",
      "integrity": "sha512-abkEOIeljniUN9qB5onp++g0EY38h7atnDHxwKUFz1r3VH1+yG1OKi2sNPTyObL40goBmfKFpdii2lEzwLX1cA==",
      "dev": true,
      "requires": {
        "@types/prop-types": "*",
        "csstype": "^2.2.0"
      }
    },
    "@types/react-dom": {
      "version": "16.8.5",
      "resolved": "https://registry.npmjs.org/@types/react-dom/-/react-dom-16.8.5.tgz",
      "integrity": "sha512-idCEjROZ2cqh29+trmTmZhsBAUNQuYrF92JHKzZ5+aiFM1mlSk3bb23CK7HhYuOY75Apgap5y2jTyHzaM2AJGA==",
      "dev": true,
      "requires": {
        "@types/react": "*"
      }
    },
    "@types/react-native": {
      "version": "0.60.2",
      "resolved": "https://registry.npmjs.org/@types/react-native/-/react-native-0.60.2.tgz",
      "integrity": "sha512-K4+/etirpv52xu24xAc++OdhbD0VQEt0Kq0h6dZrLU82OlA+I7BhpKF3JBvx9tbmrFaZDxhHp8N4TEvRYS4fdQ==",
      "dev": true,
      "requires": {
        "@types/prop-types": "*",
        "@types/react": "*"
      }
    },
    "@types/styled-components": {
      "version": "4.1.18",
      "resolved": "https://registry.npmjs.org/@types/styled-components/-/styled-components-4.1.18.tgz",
      "integrity": "sha512-VrHkgvjbxQXOw0xWSUckusUUZ4y/jqN1u7kF29ngh0oE6uOrlZHleTgqeUqylQqHQIeQ8MxFb50BRHy8ju5DHg==",
      "dev": true,
      "requires": {
        "@types/react": "*",
        "@types/react-native": "*",
        "csstype": "^2.2.0"
      }
    },
    "@types/styled-system": {
      "version": "5.0.0",
      "resolved": "https://registry.npmjs.org/@types/styled-system/-/styled-system-5.0.0.tgz",
      "integrity": "sha512-OjgPV9wz7+6Hg8TlcGWxzaNJus6L7TdOjjf/5kLu4gKw7DWlV4dYRZC5+hS4xynaoZW0Ha9u+3AC+N5IV6+8Kw==",
      "dev": true,
      "requires": {
        "csstype": "^2.6.4"
      }
    },
    "csstype": {
      "version": "2.6.6",
      "resolved": "https://registry.npmjs.org/csstype/-/csstype-2.6.6.tgz",
      "integrity": "sha512-RpFbQGUE74iyPgvr46U9t1xoQBM8T4BL8SxrN66Le2xYAPSaDJJKeztV3awugusb3g3G9iL8StmkBBXhcbbXhg==",
      "dev": true
    },
    "object-assign": {
      "version": "4.1.1",
      "resolved": "https://registry.npmjs.org/object-assign/-/object-assign-4.1.1.tgz",
      "integrity": "sha1-IQmtx5ZYh8/AXLvUQsrIv7s2CGM="
    },
    "styled-system": {
      "version": "5.0.16",
      "resolved": "https://registry.npmjs.org/styled-system/-/styled-system-5.0.16.tgz",
      "integrity": "sha512-zN2hC1Qsm7lqeGPw084wp78iXKl7w+u+TNOS0jU+XbFDsrIbw94rxiWFGmVmOWBKf/rt5oqdUlmgDJXbgaPH5Q==",
      "requires": {
        "@styled-system/background": "^5.0.16",
        "@styled-system/border": "^5.0.16",
        "@styled-system/color": "^5.0.16",
        "@styled-system/core": "^5.0.16",
        "@styled-system/flexbox": "^5.0.16",
        "@styled-system/grid": "^5.0.16",
        "@styled-system/layout": "^5.0.16",
        "@styled-system/position": "^5.0.16",
        "@styled-system/shadow": "^5.0.16",
        "@styled-system/space": "^5.0.16",
        "@styled-system/typography": "^5.0.16",
        "@styled-system/variant": "^5.0.16",
        "object-assign": "^4.1.1"
      }
    }
  }
}
